// !$*UTF8*$!
{
	archiveVersion = 1;
	classes = {
	};
	objectVersion = 46;
	objects = {

/* Begin PBXBuildFile section */
		458A884B1C841740000C49ED /* main.m in Sources */ = {isa = PBXBuildFile; fileRef = 458A884A1C841740000C49ED /* main.m */; };
		458A884E1C841740000C49ED /* AppDelegate.m in Sources */ = {isa = PBXBuildFile; fileRef = 458A884D1C841740000C49ED /* AppDelegate.m */; };
		458A88511C841740000C49ED /* ViewController.m in Sources */ = {isa = PBXBuildFile; fileRef = 458A88501C841740000C49ED /* ViewController.m */; };
		458A88541C841740000C49ED /* Main.storyboard in Resources */ = {isa = PBXBuildFile; fileRef = 458A88521C841740000C49ED /* Main.storyboard */; };
		458A88561C841740000C49ED /* Assets.xcassets in Resources */ = {isa = PBXBuildFile; fileRef = 458A88551C841740000C49ED /* Assets.xcassets */; };
		458A88591C841740000C49ED /* LaunchScreen.storyboard in Resources */ = {isa = PBXBuildFile; fileRef = 458A88571C841740000C49ED /* LaunchScreen.storyboard */; };
		458A88641C841740000C49ED /* AnimationForMoveTests.m in Sources */ = {isa = PBXBuildFile; fileRef = 458A88631C841740000C49ED /* AnimationForMoveTests.m */; };
		458A886F1C841740000C49ED /* AnimationForMoveUITests.m in Sources */ = {isa = PBXBuildFile; fileRef = 458A886E1C841740000C49ED /* AnimationForMoveUITests.m */; };
		458A887E1C841765000C49ED /* AnimationLayer.m in Sources */ = {isa = PBXBuildFile; fileRef = 458A887D1C841765000C49ED /* AnimationLayer.m */; };
		458A88811C841D33000C49ED /* UIView+FrameLayout.m in Sources */ = {isa = PBXBuildFile; fileRef = 458A88801C841D33000C49ED /* UIView+FrameLayout.m */; };
		458A88841C8437AA000C49ED /* MoveView.m in Sources */ = {isa = PBXBuildFile; fileRef = 458A88831C8437AA000C49ED /* MoveView.m */; };
		458A88871C843B27000C49ED /* SubController.m in Sources */ = {isa = PBXBuildFile; fileRef = 458A88861C843B27000C49ED /* SubController.m */; };
		458E24931C867EF50057C82C /* MoveView3.m in Sources */ = {isa = PBXBuildFile; fileRef = 458E24921C867EF50057C82C /* MoveView3.m */; };
		458E24951C867FD60057C82C /* house.jpg in Resources */ = {isa = PBXBuildFile; fileRef = 458E24941C867FD60057C82C /* house.jpg */; };
		458E24971C867FE80057C82C /* file in Resources */ = {isa = PBXBuildFile; fileRef = 458E24961C867FE80057C82C /* file */; };
		45F15B061C852B9300D0DCDF /* MoveView2.m in Sources */ = {isa = PBXBuildFile; fileRef = 45F15B051C852B9300D0DCDF /* MoveView2.m */; };
/* End PBXBuildFile section */

/* Begin PBXContainerItemProxy section */
		458A88601C841740000C49ED /* PBXContainerItemProxy */ = {
			isa = PBXContainerItemProxy;
			containerPortal = 458A883E1C841740000C49ED /* Project object */;
			proxyType = 1;
			remoteGlobalIDString = 458A88451C841740000C49ED;
			remoteInfo = AnimationForMove;
		};
		458A886B1C841740000C49ED /* PBXContainerItemProxy */ = {
			isa = PBXContainerItemProxy;
			containerPortal = 458A883E1C841740000C49ED /* Project object */;
			proxyType = 1;
			remoteGlobalIDString = 458A88451C841740000C49ED;
			remoteInfo = AnimationForMove;
		};
/* End PBXContainerItemProxy section */

/* Begin PBXFileReference section */
		458A88461C841740000C49ED /* AnimationForMove.app */ = {isa = PBXFileReference; explicitFileType = wrapper.application; includeInIndex = 0; path = AnimationForMove.app; sourceTree = BUILT_PRODUCTS_DIR; };
		458A884A1C841740000C49ED /* main.m */ = {isa = PBXFileReference; lastKnownFileType = sourcecode.c.objc; path = main.m; sourceTree = "<group>"; };
		458A884C1C841740000C49ED /* AppDelegate.h */ = {isa = PBXFileReference; lastKnownFileType = sourcecode.c.h; path = AppDelegate.h; sourceTree = "<group>"; };
		458A884D1C841740000C49ED /* AppDelegate.m */ = {isa = PBXFileReference; lastKnownFileType = sourcecode.c.objc; path = AppDelegate.m; sourceTree = "<group>"; };
		458A884F1C841740000C49ED /* ViewController.h */ = {isa = PBXFileReference; lastKnownFileType = sourcecode.c.h; path = ViewController.h; sourceTree = "<group>"; };
		458A88501C841740000C49ED /* ViewController.m */ = {isa = PBXFileReference; lastKnownFileType = sourcecode.c.objc; path = ViewController.m; sourceTree = "<group>"; };
		458A88531C841740000C49ED /* Base */ = {isa = PBXFileReference; lastKnownFileType = file.storyboard; name = Base; path = Base.lproj/Main.storyboard; sourceTree = "<group>"; };
		458A88551C841740000C49ED /* Assets.xcassets */ = {isa = PBXFileReference; lastKnownFileType = folder.assetcatalog; path = Assets.xcassets; sourceTree = "<group>"; };
		458A88581C841740000C49ED /* Base */ = {isa = PBXFileReference; lastKnownFileType = file.storyboard; name = Base; path = Base.lproj/LaunchScreen.storyboard; sourceTree = "<group>"; };
		458A885A1C841740000C49ED /* Info.plist */ = {isa = PBXFileReference; lastKnownFileType = text.plist.xml; path = Info.plist; sourceTree = "<group>"; };
		458A885F1C841740000C49ED /* AnimationForMoveTests.xctest */ = {isa = PBXFileReference; explicitFileType = wrapper.cfbundle; includeInIndex = 0; path = AnimationForMoveTests.xctest; sourceTree = BUILT_PRODUCTS_DIR; };
		458A88631C841740000C49ED /* AnimationForMoveTests.m */ = {isa = PBXFileReference; lastKnownFileType = sourcecode.c.objc; path = AnimationForMoveTests.m; sourceTree = "<group>"; };
		458A88651C841740000C49ED /* Info.plist */ = {isa = PBXFileReference; lastKnownFileType = text.plist.xml; path = Info.plist; sourceTree = "<group>"; };
		458A886A1C841740000C49ED /* AnimationForMoveUITests.xctest */ = {isa = PBXFileReference; explicitFileType = wrapper.cfbundle; includeInIndex = 0; path = AnimationForMoveUITests.xctest; sourceTree = BUILT_PRODUCTS_DIR; };
		458A886E1C841740000C49ED /* AnimationForMoveUITests.m */ = {isa = PBXFileReference; lastKnownFileType = sourcecode.c.objc; path = AnimationForMoveUITests.m; sourceTree = "<group>"; };
		458A88701C841740000C49ED /* Info.plist */ = {isa = PBXFileReference; lastKnownFileType = text.plist.xml; path = Info.plist; sourceTree = "<group>"; };
		458A887C1C841765000C49ED /* AnimationLayer.h */ = {isa = PBXFileReference; fileEncoding = 4; lastKnownFileType = sourcecode.c.h; path = AnimationLayer.h; sourceTree = "<group>"; };
		458A887D1C841765000C49ED /* AnimationLayer.m */ = {isa = PBXFileReference; fileEncoding = 4; lastKnownFileType = sourcecode.c.objc; path = AnimationLayer.m; sourceTree = "<group>"; };
		458A887F1C841D33000C49ED /* UIView+FrameLayout.h */ = {isa = PBXFileReference; fileEncoding = 4; lastKnownFileType = sourcecode.c.h; path = "UIView+FrameLayout.h"; sourceTree = "<group>"; };
		458A88801C841D33000C49ED /* UIView+FrameLayout.m */ = {isa = PBXFileReference; fileEncoding = 4; lastKnownFileType = sourcecode.c.objc; path = "UIView+FrameLayout.m"; sourceTree = "<group>"; };
		458A88821C8437A9000C49ED /* MoveView.h */ = {isa = PBXFileReference; fileEncoding = 4; lastKnownFileType = sourcecode.c.h; path = MoveView.h; sourceTree = "<group>"; };
		458A88831C8437AA000C49ED /* MoveView.m */ = {isa = PBXFileReference; fileEncoding = 4; lastKnownFileType = sourcecode.c.objc; path = MoveView.m; sourceTree = "<group>"; };
		458A88851C843B27000C49ED /* SubController.h */ = {isa = PBXFileReference; fileEncoding = 4; lastKnownFileType = sourcecode.c.h; path = SubController.h; sourceTree = "<group>"; };
		458A88861C843B27000C49ED /* SubController.m */ = {isa = PBXFileReference; fileEncoding = 4; lastKnownFileType = sourcecode.c.objc; path = SubController.m; sourceTree = "<group>"; };
		458E24911C867EF50057C82C /* MoveView3.h */ = {isa = PBXFileReference; fileEncoding = 4; lastKnownFileType = sourcecode.c.h; path = MoveView3.h; sourceTree = "<group>"; };
		458E24921C867EF50057C82C /* MoveView3.m */ = {isa = PBXFileReference; fileEncoding = 4; lastKnownFileType = sourcecode.c.objc; path = MoveView3.m; sourceTree = "<group>"; };
		458E24941C867FD60057C82C /* house.jpg */ = {isa = PBXFileReference; lastKnownFileType = image.jpeg; path = house.jpg; sourceTree = "<group>"; };
		458E24961C867FE80057C82C /* file */ = {isa = PBXFileReference; fileEncoding = 4; lastKnownFileType = text.xml; path = file; sourceTree = "<group>"; };
		45F15B041C852B9300D0DCDF /* MoveView2.h */ = {isa = PBXFileReference; fileEncoding = 4; lastKnownFileType = sourcecode.c.h; path = MoveView2.h; sourceTree = "<group>"; };
		45F15B051C852B9300D0DCDF /* MoveView2.m */ = {isa = PBXFileReference; fileEncoding = 4; lastKnownFileType = sourcecode.c.objc; path = MoveView2.m; sourceTree = "<group>"; };
/* End PBXFileReference section */

/* Begin PBXFrameworksBuildPhase section */
		458A88431C841740000C49ED /* Frameworks */ = {
			isa = PBXFrameworksBuildPhase;
			buildActionMask = 2147483647;
			files = (
			);
			runOnlyForDeploymentPostprocessing = 0;
		};
		458A885C1C841740000C49ED /* Frameworks */ = {
			isa = PBXFrameworksBuildPhase;
			buildActionMask = 2147483647;
			files = (
			);
			runOnlyForDeploymentPostprocessing = 0;
		};
		458A88671C841740000C49ED /* Frameworks */ = {
			isa = PBXFrameworksBuildPhase;
			buildActionMask = 2147483647;
			files = (
			);
			runOnlyForDeploymentPostprocessing = 0;
		};
/* End PBXFrameworksBuildPhase section */

/* Begin PBXGroup section */
		458A883D1C841740000C49ED = {
			isa = PBXGroup;
			children = (
				458A88481C841740000C49ED /* AnimationForMove */,
				458A88621C841740000C49ED /* AnimationForMoveTests */,
				458A886D1C841740000C49ED /* AnimationForMoveUITests */,
				458A88471C841740000C49ED /* Products */,
			);
			sourceTree = "<group>";
		};
		458A88471C841740000C49ED /* Products */ = {
			isa = PBXGroup;
			children = (
				458A88461C841740000C49ED /* AnimationForMove.app */,
				458A885F1C841740000C49ED /* AnimationForMoveTests.xctest */,
				458A886A1C841740000C49ED /* AnimationForMoveUITests.xctest */,
			);
			name = Products;
			sourceTree = "<group>";
		};
		458A88481C841740000C49ED /* AnimationForMove */ = {
			isa = PBXGroup;
			children = (
				458A887C1C841765000C49ED /* AnimationLayer.h */,
				458A887D1C841765000C49ED /* AnimationLayer.m */,
				458A88821C8437A9000C49ED /* MoveView.h */,
				458A88831C8437AA000C49ED /* MoveView.m */,
				45F15B041C852B9300D0DCDF /* MoveView2.h */,
				45F15B051C852B9300D0DCDF /* MoveView2.m */,
				458E24911C867EF50057C82C /* MoveView3.h */,
				458E24921C867EF50057C82C /* MoveView3.m */,
				458A884C1C841740000C49ED /* AppDelegate.h */,
				458A884D1C841740000C49ED /* AppDelegate.m */,
				458A884F1C841740000C49ED /* ViewController.h */,
				458A88501C841740000C49ED /* ViewController.m */,
				458A88851C843B27000C49ED /* SubController.h */,
				458A88861C843B27000C49ED /* SubController.m */,
				458A887F1C841D33000C49ED /* UIView+FrameLayout.h */,
				458A88801C841D33000C49ED /* UIView+FrameLayout.m */,
				458A88521C841740000C49ED /* Main.storyboard */,
				458A88551C841740000C49ED /* Assets.xcassets */,
				458A88571C841740000C49ED /* LaunchScreen.storyboard */,
				458A885A1C841740000C49ED /* Info.plist */,
				458A88491C841740000C49ED /* Supporting Files */,
			);
			path = AnimationForMove;
			sourceTree = "<group>";
		};
		458A88491C841740000C49ED /* Supporting Files */ = {
			isa = PBXGroup;
			children = (
				458E24941C867FD60057C82C /* house.jpg */,
				458E24961C867FE80057C82C /* file */,
				458A884A1C841740000C49ED /* main.m */,
			);
			name = "Supporting Files";
			sourceTree = "<group>";
		};
		458A88621C841740000C49ED /* AnimationForMoveTests */ = {
			isa = PBXGroup;
			children = (
				458A88631C841740000C49ED /* AnimationForMoveTests.m */,
				458A88651C841740000C49ED /* Info.plist */,
			);
			path = AnimationForMoveTests;
			sourceTree = "<group>";
		};
		458A886D1C841740000C49ED /* AnimationForMoveUITests */ = {
			isa = PBXGroup;
			children = (
				458A886E1C841740000C49ED /* AnimationForMoveUITests.m */,
				458A88701C841740000C49ED /* Info.plist */,
			);
			path = AnimationForMoveUITests;
			sourceTree = "<group>";
		};
/* End PBXGroup section */

/* Begin PBXNativeTarget section */
		458A88451C841740000C49ED /* AnimationForMove */ = {
			isa = PBXNativeTarget;
			buildConfigurationList = 458A88731C841740000C49ED /* Build configuration list for PBXNativeTarget "AnimationForMove" */;
			buildPhases = (
				458A88421C841740000C49ED /* Sources */,
				458A88431C841740000C49ED /* Frameworks */,
				458A88441C841740000C49ED /* Resources */,
			);
			buildRules = (
			);
			dependencies = (
			);
			name = AnimationForMove;
			productName = AnimationForMove;
			productReference = 458A88461C841740000C49ED /* AnimationForMove.app */;
			productType = "com.apple.product-type.application";
		};
		458A885E1C841740000C49ED /* AnimationForMoveTests */ = {
			isa = PBXNativeTarget;
			buildConfigurationList = 458A88761C841740000C49ED /* Build configuration list for PBXNativeTarget "AnimationForMoveTests" */;
			buildPhases = (
				458A885B1C841740000C49ED /* Sources */,
				458A885C1C841740000C49ED /* Frameworks */,
				458A885D1C841740000C49ED /* Resources */,
			);
			buildRules = (
			);
			dependencies = (
				458A88611C841740000C49ED /* PBXTargetDependency */,
			);
			name = AnimationForMoveTests;
			productName = AnimationForMoveTests;
			productReference = 458A885F1C841740000C49ED /* AnimationForMoveTests.xctest */;
			productType = "com.apple.product-type.bundle.unit-test";
		};
		458A88691C841740000C49ED /* AnimationForMoveUITests */ = {
			isa = PBXNativeTarget;
			buildConfigurationList = 458A88791C841740000C49ED /* Build configuration list for PBXNativeTarget "AnimationForMoveUITests" */;
			buildPhases = (
				458A88661C841740000C49ED /* Sources */,
				458A88671C841740000C49ED /* Frameworks */,
				458A88681C841740000C49ED /* Resources */,
			);
			buildRules = (
			);
			dependencies = (
				458A886C1C841740000C49ED /* PBXTargetDependency */,
			);
			name = AnimationForMoveUITests;
			productName = AnimationForMoveUITests;
			productReference = 458A886A1C841740000C49ED /* AnimationForMoveUITests.xctest */;
			productType = "com.apple.product-type.bundle.ui-testing";
		};
/* End PBXNativeTarget section */

/* Begin PBXProject section */
		458A883E1C841740000C49ED /* Project object */ = {
			isa = PBXProject;
			attributes = {
				LastUpgradeCheck = 0710;
				ORGANIZATIONNAME = "bdcluster(上海大数聚科技有限公司)";
				TargetAttributes = {
					458A88451C841740000C49ED = {
						CreatedOnToolsVersion = 7.1;
					};
					458A885E1C841740000C49ED = {
						CreatedOnToolsVersion = 7.1;
						TestTargetID = 458A88451C841740000C49ED;
					};
					458A88691C841740000C49ED = {
						CreatedOnToolsVersion = 7.1;
						TestTargetID = 458A88451C841740000C49ED;
					};
				};
			};
			buildConfigurationList = 458A88411C841740000C49ED /* Build configuration list for PBXProject "AnimationForMove" */;
			compatibilityVersion = "Xcode 3.2";
			developmentRegion = English;
			hasScannedForEncodings = 0;
			knownRegions = (
				en,
				Base,
			);
			mainGroup = 458A883D1C841740000C49ED;
			productRefGroup = 458A88471C841740000C49ED /* Products */;
			projectDirPath = "";
			projectRoot = "";
			targets = (
				458A88451C841740000C49ED /* AnimationForMove */,
				458A885E1C841740000C49ED /* AnimationForMoveTests */,
				458A88691C841740000C49ED /* AnimationForMoveUITests */,
			);
		};
/* End PBXProject section */

/* Begin PBXResourcesBuildPhase section */
		458A88441C841740000C49ED /* Resources */ = {
			isa = PBXResourcesBuildPhase;
			buildActionMask = 2147483647;
			files = (
				458E24951C867FD60057C82C /* house.jpg in Resources */,
				458E24971C867FE80057C82C /* file in Resources */,
				458A88591C841740000C49ED /* LaunchScreen.storyboard in Resources */,
				458A88561C841740000C49ED /* Assets.xcassets in Resources */,
				458A88541C841740000C49ED /* Main.storyboard in Resources */,
			);
			runOnlyForDeploymentPostprocessing = 0;
		};
		458A885D1C841740000C49ED /* Resources */ = {
			isa = PBXResourcesBuildPhase;
			buildActionMask = 2147483647;
			files = (
			);
			runOnlyForDeploymentPostprocessing = 0;
		};
		458A88681C841740000C49ED /* Resources */ = {
			isa = PBXResourcesBuildPhase;
			buildActionMask = 2147483647;
			files = (
			);
			runOnlyForDeploymentPostprocessing = 0;
		};
/* End PBXResourcesBuildPhase section */

/* Begin PBXSourcesBuildPhase section */
		458A88421C841740000C49ED /* Sources */ = {
			isa = PBXSourcesBuildPhase;
			buildActionMask = 2147483647;
			files = (
				458E24931C867EF50057C82C /* MoveView3.m in Sources */,
				458A887E1C841765000C49ED /* AnimationLayer.m in Sources */,
				458A88511C841740000C49ED /* ViewController.m in Sources */,
				45F15B061C852B9300D0DCDF /* MoveView2.m in Sources */,
				458A88811C841D33000C49ED /* UIView+FrameLayout.m in Sources */,
				458A88841C8437AA000C49ED /* MoveView.m in Sources */,
				458A884E1C841740000C49ED /* AppDelegate.m in Sources */,
				458A88871C843B27000C49ED /* SubController.m in Sources */,
				458A884B1C841740000C49ED /* main.m in Sources */,
			);
			runOnlyForDeploymentPostprocessing = 0;
		};
		458A885B1C841740000C49ED /* Sources */ = {
			isa = PBXSourcesBuildPhase;
			buildActionMask = 2147483647;
			files = (
				458A88641C841740000C49ED /* AnimationForMoveTests.m in Sources */,
			);
			runOnlyForDeploymentPostprocessing = 0;
		};
		458A88661C841740000C49ED /* Sources */ = {
			isa = PBXSourcesBuildPhase;
			buildActionMask = 2147483647;
			files = (
				458A886F1C841740000C49ED /* AnimationForMoveUITests.m in Sources */,
			);
			runOnlyForDeploymentPostprocessing = 0;
		};
/* End PBXSourcesBuildPhase section */

/* Begin PBXTargetDependency section */
		458A88611C841740000C49ED /* PBXTargetDependency */ = {
			isa = PBXTargetDependency;
			target = 458A88451C841740000C49ED /* AnimationForMove */;
			targetProxy = 458A88601C841740000C49ED /* PBXContainerItemProxy */;
		};
		458A886C1C841740000C49ED /* PBXTargetDependency */ = {
			isa = PBXTargetDependency;
			target = 458A88451C841740000C49ED /* AnimationForMove */;
			targetProxy = 458A886B1C841740000C49ED /* PBXContainerItemProxy */;
		};
/* End PBXTargetDependency section */

/* Begin PBXVariantGroup section */
		458A88521C841740000C49ED /* Main.storyboard */ = {
			isa = PBXVariantGroup;
			children = (
				458A88531C841740000C49ED /* Base */,
			);
			name = Main.storyboard;
			sourceTree = "<group>";
		};
		458A88571C841740000C49ED /* LaunchScreen.storyboard */ = {
			isa = PBXVariantGroup;
			children = (
				458A88581C841740000C49ED /* Base */,
			);
			name = LaunchScreen.storyboard;
			sourceTree = "<group>";
		};
/* End PBXVariantGroup section */

/* Begin XCBuildConfiguration section */
		458A88711C841740000C49ED /* Debug */ = {
			isa = XCBuildConfiguration;
			buildSettings = {
				ALWAYS_SEARCH_USER_PATHS = NO;
				CLANG_CXX_LANGUAGE_STANDARD = "gnu++0x";
				CLANG_CXX_LIBRARY = "libc++";
				CLANG_ENABLE_MODULES = YES;
				CLANG_ENABLE_OBJC_ARC = YES;
				CLANG_WARN_BOOL_CONVERSION = YES;
				CLANG_WARN_CONSTANT_CONVERSION = YES;
				CLANG_WARN_DIRECT_OBJC_ISA_USAGE = YES_ERROR;
				CLANG_WARN_EMPTY_BODY = YES;
				CLANG_WARN_ENUM_CONVERSION = YES;
				CLANG_WARN_INT_CONVERSION = YES;
				CLANG_WARN_OBJC_ROOT_CLASS = YES_ERROR;
				CLANG_WARN_UNREACHABLE_CODE = YES;
				CLANG_WARN__DUPLICATE_METHOD_MATCH = YES;
				"CODE_SIGN_IDENTITY[sdk=iphoneos*]" = "iPhone Developer";
				COPY_PHASE_STRIP = NO;
				DEBUG_INFORMATION_FORMAT = dwarf;
				ENABLE_STRICT_OBJC_MSGSEND = YES;
				ENABLE_TESTABILITY = YES;
				GCC_C_LANGUAGE_STANDARD = gnu99;
				GCC_DYNAMIC_NO_PIC = NO;
				GCC_NO_COMMON_BLOCKS = YES;
				GCC_OPTIMIZATION_LEVEL = 0;
				GCC_PREPROCESSOR_DEFINITIONS = (
					"DEBUG=1",
					"$(inherited)",
				);
				GCC_WARN_64_TO_32_BIT_CONVERSION = YES;
				GCC_WARN_ABOUT_RETURN_TYPE = YES_ERROR;
				GCC_WARN_UNDECLARED_SELECTOR = YES;
				GCC_WARN_UNINITIALIZED_AUTOS = YES_AGGRESSIVE;
				GCC_WARN_UNUSED_FUNCTION = YES;
				GCC_WARN_UNUSED_VARIABLE = YES;
				IPHONEOS_DEPLOYMENT_TARGET = 9.1;
				MTL_ENABLE_DEBUG_INFO = YES;
				ONLY_ACTIVE_ARCH = YES;
				SDKROOT = iphoneos;
			};
			name = Debug;
		};
		458A88721C841740000C49ED /* Release */ = {
			isa = XCBuildConfiguration;
			buildSettings = {
				ALWAYS_SEARCH_USER_PATHS = NO;
				CLANG_CXX_LANGUAGE_STANDARD = "gnu++0x";
				CLANG_CXX_LIBRARY = "libc++";
				CLANG_ENABLE_MODULES = YES;
				CLANG_ENABLE_OBJC_ARC = YES;
				CLANG_WARN_BOOL_CONVERSION = YES;
				CLANG_WARN_CONSTANT_CONVERSION = YES;
				CLANG_WARN_DIRECT_OBJC_ISA_USAGE = YES_ERROR;
				CLANG_WARN_EMPTY_BODY = YES;
				CLANG_WARN_ENUM_CONVERSION = YES;
				CLANG_WARN_INT_CONVERSION = YES;
				CLANG_WARN_OBJC_ROOT_CLASS = YES_ERROR;
				CLANG_WARN_UNREACHABLE_CODE = YES;
				CLANG_WARN__DUPLICATE_METHOD_MATCH = YES;
				"CODE_SIGN_IDENTITY[sdk=iphoneos*]" = "iPhone Developer";
				COPY_PHASE_STRIP = NO;
				DEBUG_INFORMATION_FORMAT = "dwarf-with-dsym";
				ENABLE_NS_ASSERTIONS = NO;
				ENABLE_STRICT_OBJC_MSGSEND = YES;
				GCC_C_LANGUAGE_STANDARD = gnu99;
				GCC_NO_COMMON_BLOCKS = YES;
				GCC_WARN_64_TO_32_BIT_CONVERSION = YES;
				GCC_WARN_ABOUT_RETURN_TYPE = YES_ERROR;
				GCC_WARN_UNDECLARED_SELECTOR = YES;
				GCC_WARN_UNINITIALIZED_AUTOS = YES_AGGRESSIVE;
				GCC_WARN_UNUSED_FUNCTION = YES;
				GCC_WARN_UNUSED_VARIABLE = YES;
				IPHONEOS_DEPLOYMENT_TARGET = 9.1;
				MTL_ENABLE_DEBUG_INFO = NO;
				SDKROOT = iphoneos;
				VALIDATE_PRODUCT = YES;
			};
			name = Release;
		};
		458A88741C841740000C49ED /* Debug */ = {
			isa = XCBuildConfiguration;
			buildSettings = {
				ASSETCATALOG_COMPILER_APPICON_NAME = AppIcon;
				INFOPLIST_FILE = AnimationForMove/Info.plist;
				LD_RUNPATH_SEARCH_PATHS = "$(inherited) @executable_path/Frameworks";
				PRODUCT_BUNDLE_IDENTIFIER = com.bdcluster.qyu.AnimationForMove;
				PRODUCT_NAME = "$(TARGET_NAME)";
			};
			name = Debug;
		};
		458A88751C841740000C49ED /* Release */ = {
			isa = XCBuildConfiguration;
			buildSettings = {
				ASSETCATALOG_COMPILER_APPICON_NAME = AppIcon;
				INFOPLIST_FILE = AnimationForMove/Info.plist;
				LD_RUNPATH_SEARCH_PATHS = "$(inherited) @executable_path/Frameworks";
				PRODUCT_BUNDLE_IDENTIFIER = com.bdcluster.qyu.AnimationForMove;
				PRODUCT_NAME = "$(TARGET_NAME)";
			};
			name = Release;
		};
		458A88771C841740000C49ED /* Debug */ = {
			isa = XCBuildConfiguration;
			buildSettings = {
				BUNDLE_LOADER = "$(TEST_HOST)";
				INFOPLIST_FILE = AnimationForMoveTests/Info.plist;
				LD_RUNPATH_SEARCH_PATHS = "$(inherited) @executable_path/Frameworks @loader_path/Frameworks";
				PRODUCT_BUNDLE_IDENTIFIER = com.bdcluster.qyu.AnimationForMoveTests;
				PRODUCT_NAME = "$(TARGET_NAME)";
				TEST_HOST = "$(BUILT_PRODUCTS_DIR)/AnimationForMove.app/AnimationForMove";
			};
			name = Debug;
		};
		458A88781C841740000C49ED /* Release */ = {
			isa = XCBuildConfiguration;
			buildSettings = {
				BUNDLE_LOADER = "$(TEST_HOST)";
				INFOPLIST_FILE = AnimationForMoveTests/Info.plist;
				LD_RUNPATH_SEARCH_PATHS = "$(inherited) @executable_path/Frameworks @loader_path/Frameworks";
				PRODUCT_BUNDLE_IDENTIFIER = com.bdcluster.qyu.AnimationForMoveTests;
				PRODUCT_NAME = "$(TARGET_NAME)";
				TEST_HOST = "$(BUILT_PRODUCTS_DIR)/AnimationForMove.app/AnimationForMove";
			};
			name = Release;
		};
		458A887A1C841740000C49ED /* Debug */ = {
			isa = XCBuildConfiguration;
			buildSettings = {
				INFOPLIST_FILE = AnimationForMoveUITests/Info.plist;
				LD_RUNPATH_SEARCH_PATHS = "$(inherited) @executable_path/Frameworks @loader_path/Frameworks";
				PRODUCT_BUNDLE_IDENTIFIER = com.bdcluster.qyu.AnimationForMoveUITests;
				PRODUCT_NAME = "$(TARGET_NAME)";
				TEST_TARGET_NAME = AnimationForMove;
				USES_XCTRUNNER = YES;
			};
			name = Debug;
		};
		458A887B1C841740000C49ED /* Release */ = {
			isa = XCBuildConfiguration;
			buildSettings = {
				INFOPLIST_FILE = AnimationForMoveUITests/Info.plist;
				LD_RUNPATH_SEARCH_PATHS = "$(inherited) @executable_path/Frameworks @loader_path/Frameworks";
				PRODUCT_BUNDLE_IDENTIFIER = com.bdcluster.qyu.AnimationForMoveUITests;
				PRODUCT_NAME = "$(TARGET_NAME)";
				TEST_TARGET_NAME = AnimationForMove;
				USES_XCTRUNNER = YES;
			};
			name = Release;
		};
/* End XCBuildConfiguration section */

/* Begin XCConfigurationList section */
		458A88411C841740000C49ED /* Build configuration list for PBXProject "AnimationForMove" */ = {
			isa = XCConfigurationList;
			buildConfigurations = (
				458A88711C841740000C49ED /* Debug */,
				458A88721C841740000C49ED /* Release */,
			);
			defaultConfigurationIsVisible = 0;
			defaultConfigurationName = Release;
		};
		458A88731C841740000C49ED /* Build configuration list for PBXNativeTarget "AnimationForMove" */ = {
			isa = XCConfigurationList;
			buildConfigurations = (
				458A88741C841740000C49ED /* Debug */,
				458A88751C841740000C49ED /* Release */,
			);
			defaultConfigurationIsVisible = 0;
			defaultConfigurationName = Release;
		};
		458A88761C841740000C49ED /* Build configuration list for PBXNativeTarget "AnimationForMoveTests" */ = {
			isa = XCConfigurationList;
			buildConfigurations = (
				458A88771C841740000C49ED /* Debug */,
				458A88781C841740000C49ED /* Release */,
			);
			defaultConfigurationIsVisible = 0;
			defaultConfigurationName = Release;
		};
		458A88791C841740000C49ED /* Build configuration list for PBXNativeTarget "AnimationForMoveUITests" */ = {
			isa = XCConfigurationList;
			buildConfigurations = (
				458A887A1C841740000C49ED /* Debug */,
				458A887B1C841740000C49ED /* Release */,
			);
			defaultConfigurationIsVisible = 0;
			defaultConfigurationName = Release;
		};
/* End XCConfigurationList section */
	};
	rootObject = 458A883E1C841740000C49ED /* Project object */;
}
